
Microsoft Visual Studio Solution File, Format Version 12.00
# Visual Studio Version 17
VisualStudioVersion = 17.10.35013.160
MinimumVisualStudioVersion = 10.0.40219.1
Project("{54A90642-561A-4BB1-A94E-469ADEE60C69}") = "Lab1", "Lab1.esproj", "{46D489D1-A27A-456D-AC61-28E603580262}"
EndProject
Global
	GlobalSection(SolutionConfigurationPlatforms) = preSolution
		Debug|Any CPU = Debug|Any CPU
		Release|Any CPU = Release|Any CPU
	EndGlobalSection
	GlobalSection(ProjectConfigurationPlatforms) = postSolution
		{46D489D1-A27A-456D-AC61-28E603580262}.Debug|Any CPU.ActiveCfg = Debug|Any CPU
		{46D489D1-A27A-456D-AC61-28E603580262}.Debug|Any CPU.Build.0 = Debug|Any CPU
		{46D489D1-A27A-456D-AC61-28E603580262}.Debug|Any CPU.Deploy.0 = Debug|Any CPU
		{46D489D1-A27A-456D-AC61-28E603580262}.Release|Any CPU.ActiveCfg = Release|Any CPU
		{46D489D1-A27A-456D-AC61-28E603580262}.Release|Any CPU.Build.0 = Release|Any CPU
		{46D489D1-A27A-456D-AC61-28E603580262}.Release|Any CPU.Deploy.0 = Release|Any CPU
	EndGlobalSection
	GlobalSection(SolutionProperties) = preSolution
		HideSolutionNode = FALSE
	EndGlobalSection
	GlobalSection(ExtensibilityGlobals) = postSolution
		SolutionGuid = {27FC17E3-0A3F-4C22-B43A-BDA4BC4D31FE}
	EndGlobalSection
EndGlobal
