
Microsoft Visual Studio Solution File, Format Version 12.00
# Visual Studio Version 17
VisualStudioVersion = 17.10.35013.160
MinimumVisualStudioVersion = 10.0.40219.1
Project("{54A90642-561A-4BB1-A94E-469ADEE60C69}") = "Lab2", "Lab2.esproj", "{12007DD3-B56A-4F3D-B83B-A56A5742BD52}"
EndProject
Global
	GlobalSection(SolutionConfigurationPlatforms) = preSolution
		Debug|Any CPU = Debug|Any CPU
		Release|Any CPU = Release|Any CPU
	EndGlobalSection
	GlobalSection(ProjectConfigurationPlatforms) = postSolution
		{12007DD3-B56A-4F3D-B83B-A56A5742BD52}.Debug|Any CPU.ActiveCfg = Debug|Any CPU
		{12007DD3-B56A-4F3D-B83B-A56A5742BD52}.Debug|Any CPU.Build.0 = Debug|Any CPU
		{12007DD3-B56A-4F3D-B83B-A56A5742BD52}.Debug|Any CPU.Deploy.0 = Debug|Any CPU
		{12007DD3-B56A-4F3D-B83B-A56A5742BD52}.Release|Any CPU.ActiveCfg = Release|Any CPU
		{12007DD3-B56A-4F3D-B83B-A56A5742BD52}.Release|Any CPU.Build.0 = Release|Any CPU
		{12007DD3-B56A-4F3D-B83B-A56A5742BD52}.Release|Any CPU.Deploy.0 = Release|Any CPU
	EndGlobalSection
	GlobalSection(SolutionProperties) = preSolution
		HideSolutionNode = FALSE
	EndGlobalSection
	GlobalSection(ExtensibilityGlobals) = postSolution
		SolutionGuid = {1A59F9CA-ABE8-41F9-A951-FED922B3C976}
	EndGlobalSection
EndGlobal
